// !$*UTF8*$!
{
	archiveVersion = 1;
	classes = {
	};
	objectVersion = 50;
	objects = {

/* Begin PBXBuildFile section */
		C85EE606233DA13900391A80 /* Colors.xcassets in Resources */ = {isa = PBXBuildFile; fileRef = C85EE605233DA13900391A80 /* Colors.xcassets */; };
		C85EE608233DA61200391A80 /* AnchorNodeProvider.swift in Sources */ = {isa = PBXBuildFile; fileRef = C85EE607233DA61200391A80 /* AnchorNodeProvider.swift */; };
		C85EE60A233DA73B00391A80 /* AnchorProvider.swift in Sources */ = {isa = PBXBuildFile; fileRef = C85EE609233DA73B00391A80 /* AnchorProvider.swift */; };
		C85EE60C233DAE8400391A80 /* RecognizedText.swift in Sources */ = {isa = PBXBuildFile; fileRef = C85EE60B233DAE8400391A80 /* RecognizedText.swift */; };
		C85EE60E233DE1A500391A80 /* Setting.swift in Sources */ = {isa = PBXBuildFile; fileRef = C85EE60D233DE1A500391A80 /* Setting.swift */; };
		C86DFA7B233C579E007AC41A /* AppDelegate.swift in Sources */ = {isa = PBXBuildFile; fileRef = C86DFA7A233C579E007AC41A /* AppDelegate.swift */; };
		C86DFA7D233C579E007AC41A /* Scene.sks in Resources */ = {isa = PBXBuildFile; fileRef = C86DFA7C233C579E007AC41A /* Scene.sks */; };
		C86DFA7F233C579E007AC41A /* Scene.swift in Sources */ = {isa = PBXBuildFile; fileRef = C86DFA7E233C579E007AC41A /* Scene.swift */; };
		C86DFA81233C579E007AC41A /* ViewController.swift in Sources */ = {isa = PBXBuildFile; fileRef = C86DFA80233C579E007AC41A /* ViewController.swift */; };
		C86DFA84233C579E007AC41A /* Main.storyboard in Resources */ = {isa = PBXBuildFile; fileRef = C86DFA82233C579E007AC41A /* Main.storyboard */; };
		C86DFA86233C57A1007AC41A /* Assets.xcassets in Resources */ = {isa = PBXBuildFile; fileRef = C86DFA85233C57A1007AC41A /* Assets.xcassets */; };
		C86DFA89233C57A1007AC41A /* LaunchScreen.storyboard in Resources */ = {isa = PBXBuildFile; fileRef = C86DFA87233C57A1007AC41A /* LaunchScreen.storyboard */; };
		C8E31E6A233C5F1C00920283 /* VisionController.swift in Sources */ = {isa = PBXBuildFile; fileRef = C8E31E69233C5F1C00920283 /* VisionController.swift */; };
		C8F77289233C9644000EB5C2 /* VisionStabilityMonitor.swift in Sources */ = {isa = PBXBuildFile; fileRef = C8F77288233C9644000EB5C2 /* VisionStabilityMonitor.swift */; };
		C8F7728C233CF0D7000EB5C2 /* AnchorStore.swift in Sources */ = {isa = PBXBuildFile; fileRef = C8F7728B233CF0D7000EB5C2 /* AnchorStore.swift */; };
/* End PBXBuildFile section */

/* Begin PBXFileReference section */
		C85EE605233DA13900391A80 /* Colors.xcassets */ = {isa = PBXFileReference; lastKnownFileType = folder.assetcatalog; path = Colors.xcassets; sourceTree = "<group>"; };
		C85EE607233DA61200391A80 /* AnchorNodeProvider.swift */ = {isa = PBXFileReference; lastKnownFileType = sourcecode.swift; path = AnchorNodeProvider.swift; sourceTree = "<group>"; };
		C85EE609233DA73B00391A80 /* AnchorProvider.swift */ = {isa = PBXFileReference; lastKnownFileType = sourcecode.swift; path = AnchorProvider.swift; sourceTree = "<group>"; };
		C85EE60B233DAE8400391A80 /* RecognizedText.swift */ = {isa = PBXFileReference; lastKnownFileType = sourcecode.swift; path = RecognizedText.swift; sourceTree = "<group>"; };
		C85EE60D233DE1A500391A80 /* Setting.swift */ = {isa = PBXFileReference; lastKnownFileType = sourcecode.swift; path = Setting.swift; sourceTree = "<group>"; };
		C86DFA77233C579E007AC41A /* ARVision.app */ = {isa = PBXFileReference; explicitFileType = wrapper.application; includeInIndex = 0; path = ARVision.app; sourceTree = BUILT_PRODUCTS_DIR; };
		C86DFA7A233C579E007AC41A /* AppDelegate.swift */ = {isa = PBXFileReference; lastKnownFileType = sourcecode.swift; path = AppDelegate.swift; sourceTree = "<group>"; };
		C86DFA7C233C579E007AC41A /* Scene.sks */ = {isa = PBXFileReference; lastKnownFileType = file.sks; path = Scene.sks; sourceTree = "<group>"; };
		C86DFA7E233C579E007AC41A /* Scene.swift */ = {isa = PBXFileReference; lastKnownFileType = sourcecode.swift; path = Scene.swift; sourceTree = "<group>"; };
		C86DFA80233C579E007AC41A /* ViewController.swift */ = {isa = PBXFileReference; lastKnownFileType = sourcecode.swift; path = ViewController.swift; sourceTree = "<group>"; };
		C86DFA83233C579E007AC41A /* Base */ = {isa = PBXFileReference; lastKnownFileType = file.storyboard; name = Base; path = Base.lproj/Main.storyboard; sourceTree = "<group>"; };
		C86DFA85233C57A1007AC41A /* Assets.xcassets */ = {isa = PBXFileReference; lastKnownFileType = folder.assetcatalog; path = Assets.xcassets; sourceTree = "<group>"; };
		C86DFA88233C57A1007AC41A /* Base */ = {isa = PBXFileReference; lastKnownFileType = file.storyboard; name = Base; path = Base.lproj/LaunchScreen.storyboard; sourceTree = "<group>"; };
		C86DFA8A233C57A1007AC41A /* Info.plist */ = {isa = PBXFileReference; lastKnownFileType = text.plist.xml; path = Info.plist; sourceTree = "<group>"; };
		C8E31E69233C5F1C00920283 /* VisionController.swift */ = {isa = PBXFileReference; lastKnownFileType = sourcecode.swift; path = VisionController.swift; sourceTree = "<group>"; };
		C8F77288233C9644000EB5C2 /* VisionStabilityMonitor.swift */ = {isa = PBXFileReference; lastKnownFileType = sourcecode.swift; path = VisionStabilityMonitor.swift; sourceTree = "<group>"; };
		C8F7728B233CF0D7000EB5C2 /* AnchorStore.swift */ = {isa = PBXFileReference; lastKnownFileType = sourcecode.swift; path = AnchorStore.swift; sourceTree = "<group>"; };
/* End PBXFileReference section */

/* Begin PBXFrameworksBuildPhase section */
		C86DFA74233C579E007AC41A /* Frameworks */ = {
			isa = PBXFrameworksBuildPhase;
			buildActionMask = 2147483647;
			files = (
			);
			runOnlyForDeploymentPostprocessing = 0;
		};
/* End PBXFrameworksBuildPhase section */

/* Begin PBXGroup section */
		C86DFA6E233C579E007AC41A = {
			isa = PBXGroup;
			children = (
				C86DFA79233C579E007AC41A /* ARVision */,
				C86DFA78233C579E007AC41A /* Products */,
			);
			sourceTree = "<group>";
		};
		C86DFA78233C579E007AC41A /* Products */ = {
			isa = PBXGroup;
			children = (
				C86DFA77233C579E007AC41A /* ARVision.app */,
			);
			name = Products;
			sourceTree = "<group>";
		};
		C86DFA79233C579E007AC41A /* ARVision */ = {
			isa = PBXGroup;
			children = (
				C86DFA7C233C579E007AC41A /* Scene.sks */,
				C86DFA82233C579E007AC41A /* Main.storyboard */,
				C86DFA85233C57A1007AC41A /* Assets.xcassets */,
				C85EE605233DA13900391A80 /* Colors.xcassets */,
				C86DFA87233C57A1007AC41A /* LaunchScreen.storyboard */,
				C86DFA8A233C57A1007AC41A /* Info.plist */,
				C86DFA90233C5877007AC41A /* Source */,
			);
			path = ARVision;
			sourceTree = "<group>";
		};
		C86DFA90233C5877007AC41A /* Source */ = {
			isa = PBXGroup;
			children = (
				C85EE607233DA61200391A80 /* AnchorNodeProvider.swift */,
				C85EE60D233DE1A500391A80 /* Setting.swift */,
				C85EE609233DA73B00391A80 /* AnchorProvider.swift */,
				C8F7728B233CF0D7000EB5C2 /* AnchorStore.swift */,
				C86DFA7A233C579E007AC41A /* AppDelegate.swift */,
				C85EE60B233DAE8400391A80 /* RecognizedText.swift */,
				C86DFA7E233C579E007AC41A /* Scene.swift */,
				C86DFA80233C579E007AC41A /* ViewController.swift */,
				C8E31E69233C5F1C00920283 /* VisionController.swift */,
				C8F77288233C9644000EB5C2 /* VisionStabilityMonitor.swift */,
			);
			path = Source;
			sourceTree = "<group>";
		};
/* End PBXGroup section */

/* Begin PBXNativeTarget section */
		C86DFA76233C579E007AC41A /* ARVision */ = {
			isa = PBXNativeTarget;
			buildConfigurationList = C86DFA8D233C57A1007AC41A /* Build configuration list for PBXNativeTarget "ARVision" */;
			buildPhases = (
				C86DFA73233C579E007AC41A /* Sources */,
				C86DFA74233C579E007AC41A /* Frameworks */,
				C86DFA75233C579E007AC41A /* Resources */,
			);
			buildRules = (
			);
			dependencies = (
			);
			name = ARVision;
			productName = ARVision;
			productReference = C86DFA77233C579E007AC41A /* ARVision.app */;
			productType = "com.apple.product-type.application";
		};
/* End PBXNativeTarget section */

/* Begin PBXProject section */
		C86DFA6F233C579E007AC41A /* Project object */ = {
			isa = PBXProject;
			attributes = {
				LastSwiftUpdateCheck = 1100;
				LastUpgradeCheck = 1100;
				ORGANIZATIONNAME = com.viwii;
				TargetAttributes = {
					C86DFA76233C579E007AC41A = {
						CreatedOnToolsVersion = 11.0;
					};
				};
			};
			buildConfigurationList = C86DFA72233C579E007AC41A /* Build configuration list for PBXProject "ARVision" */;
			compatibilityVersion = "Xcode 9.3";
			developmentRegion = en;
			hasScannedForEncodings = 0;
			knownRegions = (
				en,
				Base,
			);
			mainGroup = C86DFA6E233C579E007AC41A;
			productRefGroup = C86DFA78233C579E007AC41A /* Products */;
			projectDirPath = "";
			projectRoot = "";
			targets = (
				C86DFA76233C579E007AC41A /* ARVision */,
			);
		};
/* End PBXProject section */

/* Begin PBXResourcesBuildPhase section */
		C86DFA75233C579E007AC41A /* Resources */ = {
			isa = PBXResourcesBuildPhase;
			buildActionMask = 2147483647;
			files = (
				C85EE606233DA13900391A80 /* Colors.xcassets in Resources */,
				C86DFA7D233C579E007AC41A /* Scene.sks in Resources */,
				C86DFA89233C57A1007AC41A /* LaunchScreen.storyboard in Resources */,
				C86DFA86233C57A1007AC41A /* Assets.xcassets in Resources */,
				C86DFA84233C579E007AC41A /* Main.storyboard in Resources */,
			);
			runOnlyForDeploymentPostprocessing = 0;
		};
/* End PBXResourcesBuildPhase section */

/* Begin PBXSourcesBuildPhase section */
		C86DFA73233C579E007AC41A /* Sources */ = {
			isa = PBXSourcesBuildPhase;
			buildActionMask = 2147483647;
			files = (
				C8E31E6A233C5F1C00920283 /* VisionController.swift in Sources */,
				C86DFA81233C579E007AC41A /* ViewController.swift in Sources */,
				C85EE60C233DAE8400391A80 /* RecognizedText.swift in Sources */,
				C86DFA7F233C579E007AC41A /* Scene.swift in Sources */,
				C8F7728C233CF0D7000EB5C2 /* AnchorStore.swift in Sources */,
				C86DFA7B233C579E007AC41A /* AppDelegate.swift in Sources */,
				C85EE60A233DA73B00391A80 /* AnchorProvider.swift in Sources */,
				C85EE608233DA61200391A80 /* AnchorNodeProvider.swift in Sources */,
				C85EE60E233DE1A500391A80 /* Setting.swift in Sources */,
				C8F77289233C9644000EB5C2 /* VisionStabilityMonitor.swift in Sources */,
			);
			runOnlyForDeploymentPostprocessing = 0;
		};
/* End PBXSourcesBuildPhase section */

/* Begin PBXVariantGroup section */
		C86DFA82233C579E007AC41A /* Main.storyboard */ = {
			isa = PBXVariantGroup;
			children = (
				C86DFA83233C579E007AC41A /* Base */,
			);
			name = Main.storyboard;
			sourceTree = "<group>";
		};
		C86DFA87233C57A1007AC41A /* LaunchScreen.storyboard */ = {
			isa = PBXVariantGroup;
			children = (
				C86DFA88233C57A1007AC41A /* Base */,
			);
			name = LaunchScreen.storyboard;
			sourceTree = "<group>";
		};
/* End PBXVariantGroup section */

/* Begin XCBuildConfiguration section */
		C86DFA8B233C57A1007AC41A /* Debug */ = {
			isa = XCBuildConfiguration;
			buildSettings = {
				ALWAYS_SEARCH_USER_PATHS = NO;
				CLANG_ANALYZER_NONNULL = YES;
				CLANG_ANALYZER_NUMBER_OBJECT_CONVERSION = YES_AGGRESSIVE;
				CLANG_CXX_LANGUAGE_STANDARD = "gnu++14";
				CLANG_CXX_LIBRARY = "libc++";
				CLANG_ENABLE_MODULES = YES;
				CLANG_ENABLE_OBJC_ARC = YES;
				CLANG_ENABLE_OBJC_WEAK = YES;
				CLANG_WARN_BLOCK_CAPTURE_AUTORELEASING = YES;
				CLANG_WARN_BOOL_CONVERSION = YES;
				CLANG_WARN_COMMA = YES;
				CLANG_WARN_CONSTANT_CONVERSION = YES;
				CLANG_WARN_DEPRECATED_OBJC_IMPLEMENTATIONS = YES;
				CLANG_WARN_DIRECT_OBJC_ISA_USAGE = YES_ERROR;
				CLANG_WARN_DOCUMENTATION_COMMENTS = YES;
				CLANG_WARN_EMPTY_BODY = YES;
				CLANG_WARN_ENUM_CONVERSION = YES;
				CLANG_WARN_INFINITE_RECURSION = YES;
				CLANG_WARN_INT_CONVERSION = YES;
				CLANG_WARN_NON_LITERAL_NULL_CONVERSION = YES;
				CLANG_WARN_OBJC_IMPLICIT_RETAIN_SELF = YES;
				CLANG_WARN_OBJC_LITERAL_CONVERSION = YES;
				CLANG_WARN_OBJC_ROOT_CLASS = YES_ERROR;
				CLANG_WARN_RANGE_LOOP_ANALYSIS = YES;
				CLANG_WARN_STRICT_PROTOTYPES = YES;
				CLANG_WARN_SUSPICIOUS_MOVE = YES;
				CLANG_WARN_UNGUARDED_AVAILABILITY = YES_AGGRESSIVE;
				CLANG_WARN_UNREACHABLE_CODE = YES;
				CLANG_WARN__DUPLICATE_METHOD_MATCH = YES;
				COPY_PHASE_STRIP = NO;
				DEBUG_INFORMATION_FORMAT = dwarf;
				ENABLE_STRICT_OBJC_MSGSEND = YES;
				ENABLE_TESTABILITY = YES;
				GCC_C_LANGUAGE_STANDARD = gnu11;
				GCC_DYNAMIC_NO_PIC = NO;
				GCC_NO_COMMON_BLOCKS = YES;
				GCC_OPTIMIZATION_LEVEL = 0;
				GCC_PREPROCESSOR_DEFINITIONS = (
					"DEBUG=1",
					"$(inherited)",
				);
				GCC_WARN_64_TO_32_BIT_CONVERSION = YES;
				GCC_WARN_ABOUT_RETURN_TYPE = YES_ERROR;
				GCC_WARN_UNDECLARED_SELECTOR = YES;
				GCC_WARN_UNINITIALIZED_AUTOS = YES_AGGRESSIVE;
				GCC_WARN_UNUSED_FUNCTION = YES;
				GCC_WARN_UNUSED_VARIABLE = YES;
				IPHONEOS_DEPLOYMENT_TARGET = 13.0;
				MTL_ENABLE_DEBUG_INFO = INCLUDE_SOURCE;
				MTL_FAST_MATH = YES;
				ONLY_ACTIVE_ARCH = YES;
				SDKROOT = iphoneos;
				SWIFT_ACTIVE_COMPILATION_CONDITIONS = DEBUG;
				SWIFT_OPTIMIZATION_LEVEL = "-Onone";
			};
			name = Debug;
		};
		C86DFA8C233C57A1007AC41A /* Release */ = {
			isa = XCBuildConfiguration;
			buildSettings = {
				ALWAYS_SEARCH_USER_PATHS = NO;
				CLANG_ANALYZER_NONNULL = YES;
				CLANG_ANALYZER_NUMBER_OBJECT_CONVERSION = YES_AGGRESSIVE;
				CLANG_CXX_LANGUAGE_STANDARD = "gnu++14";
				CLANG_CXX_LIBRARY = "libc++";
				CLANG_ENABLE_MODULES = YES;
				CLANG_ENABLE_OBJC_ARC = YES;
				CLANG_ENABLE_OBJC_WEAK = YES;
				CLANG_WARN_BLOCK_CAPTURE_AUTORELEASING = YES;
				CLANG_WARN_BOOL_CONVERSION = YES;
				CLANG_WARN_COMMA = YES;
				CLANG_WARN_CONSTANT_CONVERSION = YES;
				CLANG_WARN_DEPRECATED_OBJC_IMPLEMENTATIONS = YES;
				CLANG_WARN_DIRECT_OBJC_ISA_USAGE = YES_ERROR;
				CLANG_WARN_DOCUMENTATION_COMMENTS = YES;
				CLANG_WARN_EMPTY_BODY = YES;
				CLANG_WARN_ENUM_CONVERSION = YES;
				CLANG_WARN_INFINITE_RECURSION = YES;
				CLANG_WARN_INT_CONVERSION = YES;
				CLANG_WARN_NON_LITERAL_NULL_CONVERSION = YES;
				CLANG_WARN_OBJC_IMPLICIT_RETAIN_SELF = YES;
				CLANG_WARN_OBJC_LITERAL_CONVERSION = YES;
				CLANG_WARN_OBJC_ROOT_CLASS = YES_ERROR;
				CLANG_WARN_RANGE_LOOP_ANALYSIS = YES;
				CLANG_WARN_STRICT_PROTOTYPES = YES;
				CLANG_WARN_SUSPICIOUS_MOVE = YES;
				CLANG_WARN_UNGUARDED_AVAILABILITY = YES_AGGRESSIVE;
				CLANG_WARN_UNREACHABLE_CODE = YES;
				CLANG_WARN__DUPLICATE_METHOD_MATCH = YES;
				COPY_PHASE_STRIP = NO;
				DEBUG_INFORMATION_FORMAT = "dwarf-with-dsym";
				ENABLE_NS_ASSERTIONS = NO;
				ENABLE_STRICT_OBJC_MSGSEND = YES;
				GCC_C_LANGUAGE_STANDARD = gnu11;
				GCC_NO_COMMON_BLOCKS = YES;
				GCC_WARN_64_TO_32_BIT_CONVERSION = YES;
				GCC_WARN_ABOUT_RETURN_TYPE = YES_ERROR;
				GCC_WARN_UNDECLARED_SELECTOR = YES;
				GCC_WARN_UNINITIALIZED_AUTOS = YES_AGGRESSIVE;
				GCC_WARN_UNUSED_FUNCTION = YES;
				GCC_WARN_UNUSED_VARIABLE = YES;
				IPHONEOS_DEPLOYMENT_TARGET = 13.0;
				MTL_ENABLE_DEBUG_INFO = NO;
				MTL_FAST_MATH = YES;
				SDKROOT = iphoneos;
				SWIFT_COMPILATION_MODE = wholemodule;
				SWIFT_OPTIMIZATION_LEVEL = "-O";
				VALIDATE_PRODUCT = YES;
			};
			name = Release;
		};
		C86DFA8E233C57A1007AC41A /* Debug */ = {
			isa = XCBuildConfiguration;
			buildSettings = {
				ASSETCATALOG_COMPILER_APPICON_NAME = AppIcon;
				CODE_SIGN_STYLE = Automatic;
				DEVELOPMENT_TEAM = LMFYAZF64N;
				INFOPLIST_FILE = ARVision/Info.plist;
				LD_RUNPATH_SEARCH_PATHS = (
					"$(inherited)",
					"@executable_path/Frameworks",
				);
				PRODUCT_BUNDLE_IDENTIFIER = com.viwii.abc.ARVision;
				PRODUCT_NAME = "$(TARGET_NAME)";
				SWIFT_VERSION = 5.0;
				TARGETED_DEVICE_FAMILY = "1,2";
			};
			name = Debug;
		};
		C86DFA8F233C57A1007AC41A /* Release */ = {
			isa = XCBuildConfiguration;
			buildSettings = {
				ASSETCATALOG_COMPILER_APPICON_NAME = AppIcon;
				CODE_SIGN_STYLE = Automatic;
				DEVELOPMENT_TEAM = LMFYAZF64N;
				INFOPLIST_FILE = ARVision/Info.plist;
				LD_RUNPATH_SEARCH_PATHS = (
					"$(inherited)",
					"@executable_path/Frameworks",
				);
				PRODUCT_BUNDLE_IDENTIFIER = com.viwii.abc.ARVision;
				PRODUCT_NAME = "$(TARGET_NAME)";
				SWIFT_VERSION = 5.0;
				TARGETED_DEVICE_FAMILY = "1,2";
			};
			name = Release;
		};
/* End XCBuildConfiguration section */

/* Begin XCConfigurationList section */
		C86DFA72233C579E007AC41A /* Build configuration list for PBXProject "ARVision" */ = {
			isa = XCConfigurationList;
			buildConfigurations = (
				C86DFA8B233C57A1007AC41A /* Debug */,
				C86DFA8C233C57A1007AC41A /* Release */,
			);
			defaultConfigurationIsVisible = 0;
			defaultConfigurationName = Release;
		};
		C86DFA8D233C57A1007AC41A /* Build configuration list for PBXNativeTarget "ARVision" */ = {
			isa = XCConfigurationList;
			buildConfigurations = (
				C86DFA8E233C57A1007AC41A /* Debug */,
				C86DFA8F233C57A1007AC41A /* Release */,
			);
			defaultConfigurationIsVisible = 0;
			defaultConfigurationName = Release;
		};
/* End XCConfigurationList section */
	};
	rootObject = C86DFA6F233C579E007AC41A /* Project object */;
}
